PODS:
  - Flutter (1.0.0)
  - flutter_app_badge_control (0.0.1):
    - Flutter

DEPENDENCIES:
  - Flutter (from `Flutter`)
  - flutter_app_badge_control (from `.symlinks/plugins/flutter_app_badge_control/ios`)

EXTERNAL SOURCES:
  Flutter:
    :path: Flutter
  flutter_app_badge_control:
    :path: ".symlinks/plugins/flutter_app_badge_control/ios"

SPEC CHECKSUMS:
  Flutter: cabc95a1d2626b1b06e7179b784ebcf0c0cde467
  flutter_app_badge_control: 1f0ac37334d1a2da72bde7e4d3c6c8675517a471

PODFILE CHECKSUM: 562284e7bfeae806189acdc97a92341fed7a4473

COCOAPODS: 1.16.2
